
Microsoft Visual Studio Solution File, Format Version 12.00
# Visual Studio Version 17
VisualStudioVersion = 17.6.33723.286
MinimumVisualStudioVersion = 10.0.40219.1
Project("{FAE04EC0-301F-11D3-BF4B-00C04F79EFBC}") = "Deafortnite", "Deafortnite\Deafortnite.csproj", "{1FC934CF-4CF5-4E47-AB27-F7106A08DD9D}"
EndProject
Global
	GlobalSection(SolutionConfigurationPlatforms) = preSolution
		Debug|Any CPU = Debug|Any CPU
		Release|Any CPU = Release|Any CPU
	EndGlobalSection
	GlobalSection(ProjectConfigurationPlatforms) = postSolution
		{1FC934CF-4CF5-4E47-AB27-F7106A08DD9D}.Debug|Any CPU.ActiveCfg = Debug|Any CPU
		{1FC934CF-4CF5-4E47-AB27-F7106A08DD9D}.Debug|Any CPU.Build.0 = Debug|Any CPU
		{1FC934CF-4CF5-4E47-AB27-F7106A08DD9D}.Release|Any CPU.ActiveCfg = Release|Any CPU
		{1FC934CF-4CF5-4E47-AB27-F7106A08DD9D}.Release|Any CPU.Build.0 = Release|Any CPU
	EndGlobalSection
	GlobalSection(SolutionProperties) = preSolution
		HideSolutionNode = FALSE
	EndGlobalSection
	GlobalSection(ExtensibilityGlobals) = postSolution
		SolutionGuid = {E8B8AA2C-97D3-4346-BF18-982196979E1C}
	EndGlobalSection
EndGlobal
